// !$*UTF8*$!
{
	archiveVersion = 1;
	classes = {
	};
	objectVersion = 52;
	objects = {

/* Begin PBXBuildFile section */
		2F251EAD26E28A0A0051D007 /* AppDelegate.swift in Sources */ = {isa = PBXBuildFile; fileRef = 2F251EAC26E28A0A0051D007 /* AppDelegate.swift */; };
		2F251EB126E28A0A0051D007 /* ViewController.swift in Sources */ = {isa = PBXBuildFile; fileRef = 2F251EB026E28A0A0051D007 /* ViewController.swift */; };
		2F251EB626E28A0C0051D007 /* Assets.xcassets in Resources */ = {isa = PBXBuildFile; fileRef = 2F251EB526E28A0C0051D007 /* Assets.xcassets */; };
		2F251EB926E28A0C0051D007 /* LaunchScreen.storyboard in Resources */ = {isa = PBXBuildFile; fileRef = 2F251EB726E28A0C0051D007 /* LaunchScreen.storyboard */; };
		2F251EC626E28EE80051D007 /* IsolatedStateReactor in Frameworks */ = {isa = PBXBuildFile; productRef = 2F251EC526E28EE80051D007 /* IsolatedStateReactor */; };
		2F251EC826E28F900051D007 /* ViewReactor.swift in Sources */ = {isa = PBXBuildFile; fileRef = 2F251EC726E28F900051D007 /* ViewReactor.swift */; };
/* End PBXBuildFile section */

/* Begin PBXFileReference section */
		2F251EA926E28A0A0051D007 /* IsolatedStateReactorDemo.app */ = {isa = PBXFileReference; explicitFileType = wrapper.application; includeInIndex = 0; path = IsolatedStateReactorDemo.app; sourceTree = BUILT_PRODUCTS_DIR; };
		2F251EAC26E28A0A0051D007 /* AppDelegate.swift */ = {isa = PBXFileReference; lastKnownFileType = sourcecode.swift; path = AppDelegate.swift; sourceTree = "<group>"; };
		2F251EB026E28A0A0051D007 /* ViewController.swift */ = {isa = PBXFileReference; lastKnownFileType = sourcecode.swift; path = ViewController.swift; sourceTree = "<group>"; };
		2F251EB526E28A0C0051D007 /* Assets.xcassets */ = {isa = PBXFileReference; lastKnownFileType = folder.assetcatalog; path = Assets.xcassets; sourceTree = "<group>"; };
		2F251EB826E28A0C0051D007 /* Base */ = {isa = PBXFileReference; lastKnownFileType = file.storyboard; name = Base; path = Base.lproj/LaunchScreen.storyboard; sourceTree = "<group>"; };
		2F251EBA26E28A0C0051D007 /* Info.plist */ = {isa = PBXFileReference; lastKnownFileType = text.plist.xml; path = Info.plist; sourceTree = "<group>"; };
		2F251EC726E28F900051D007 /* ViewReactor.swift */ = {isa = PBXFileReference; lastKnownFileType = sourcecode.swift; path = ViewReactor.swift; sourceTree = "<group>"; };
/* End PBXFileReference section */

/* Begin PBXFrameworksBuildPhase section */
		2F251EA626E28A0A0051D007 /* Frameworks */ = {
			isa = PBXFrameworksBuildPhase;
			buildActionMask = 2147483647;
			files = (
				2F251EC626E28EE80051D007 /* IsolatedStateReactor in Frameworks */,
			);
			runOnlyForDeploymentPostprocessing = 0;
		};
/* End PBXFrameworksBuildPhase section */

/* Begin PBXGroup section */
		2F251EA026E28A0A0051D007 = {
			isa = PBXGroup;
			children = (
				2F251EAB26E28A0A0051D007 /* IsolatedStateReactorDemo */,
				2F251EAA26E28A0A0051D007 /* Products */,
			);
			sourceTree = "<group>";
		};
		2F251EAA26E28A0A0051D007 /* Products */ = {
			isa = PBXGroup;
			children = (
				2F251EA926E28A0A0051D007 /* IsolatedStateReactorDemo.app */,
			);
			name = Products;
			sourceTree = "<group>";
		};
		2F251EAB26E28A0A0051D007 /* IsolatedStateReactorDemo */ = {
			isa = PBXGroup;
			children = (
				2F251EAC26E28A0A0051D007 /* AppDelegate.swift */,
				2F251EB026E28A0A0051D007 /* ViewController.swift */,
				2F251EC726E28F900051D007 /* ViewReactor.swift */,
				2F251EB526E28A0C0051D007 /* Assets.xcassets */,
				2F251EBA26E28A0C0051D007 /* Info.plist */,
				2F251EB726E28A0C0051D007 /* LaunchScreen.storyboard */,
			);
			path = IsolatedStateReactorDemo;
			sourceTree = "<group>";
		};
/* End PBXGroup section */

/* Begin PBXNativeTarget section */
		2F251EA826E28A0A0051D007 /* IsolatedStateReactorDemo */ = {
			isa = PBXNativeTarget;
			buildConfigurationList = 2F251EBD26E28A0C0051D007 /* Build configuration list for PBXNativeTarget "IsolatedStateReactorDemo" */;
			buildPhases = (
				2F251EA526E28A0A0051D007 /* Sources */,
				2F251EA626E28A0A0051D007 /* Frameworks */,
				2F251EA726E28A0A0051D007 /* Resources */,
			);
			buildRules = (
			);
			dependencies = (
			);
			name = IsolatedStateReactorDemo;
			packageProductDependencies = (
				2F251EC526E28EE80051D007 /* IsolatedStateReactor */,
			);
			productName = IsolatedStateReactorDemo;
			productReference = 2F251EA926E28A0A0051D007 /* IsolatedStateReactorDemo.app */;
			productType = "com.apple.product-type.application";
		};
/* End PBXNativeTarget section */

/* Begin PBXProject section */
		2F251EA126E28A0A0051D007 /* Project object */ = {
			isa = PBXProject;
			attributes = {
				LastSwiftUpdateCheck = 1250;
				LastUpgradeCheck = 1250;
				TargetAttributes = {
					2F251EA826E28A0A0051D007 = {
						CreatedOnToolsVersion = 12.5.1;
					};
				};
			};
			buildConfigurationList = 2F251EA426E28A0A0051D007 /* Build configuration list for PBXProject "IsolatedStateReactorDemo" */;
			compatibilityVersion = "Xcode 9.3";
			developmentRegion = en;
			hasScannedForEncodings = 0;
			knownRegions = (
				en,
				Base,
			);
			mainGroup = 2F251EA026E28A0A0051D007;
			packageReferences = (
				2F251EC426E28EE80051D007 /* XCRemoteSwiftPackageReference "." */,
			);
			productRefGroup = 2F251EAA26E28A0A0051D007 /* Products */;
			projectDirPath = "";
			projectRoot = "";
			targets = (
				2F251EA826E28A0A0051D007 /* IsolatedStateReactorDemo */,
			);
		};
/* End PBXProject section */

/* Begin PBXResourcesBuildPhase section */
		2F251EA726E28A0A0051D007 /* Resources */ = {
			isa = PBXResourcesBuildPhase;
			buildActionMask = 2147483647;
			files = (
				2F251EB926E28A0C0051D007 /* LaunchScreen.storyboard in Resources */,
				2F251EB626E28A0C0051D007 /* Assets.xcassets in Resources */,
			);
			runOnlyForDeploymentPostprocessing = 0;
		};
/* End PBXResourcesBuildPhase section */

/* Begin PBXSourcesBuildPhase section */
		2F251EA526E28A0A0051D007 /* Sources */ = {
			isa = PBXSourcesBuildPhase;
			buildActionMask = 2147483647;
			files = (
				2F251EB126E28A0A0051D007 /* ViewController.swift in Sources */,
				2F251EC826E28F900051D007 /* ViewReactor.swift in Sources */,
				2F251EAD26E28A0A0051D007 /* AppDelegate.swift in Sources */,
			);
			runOnlyForDeploymentPostprocessing = 0;
		};
/* End PBXSourcesBuildPhase section */

/* Begin PBXVariantGroup section */
		2F251EB726E28A0C0051D007 /* LaunchScreen.storyboard */ = {
			isa = PBXVariantGroup;
			children = (
				2F251EB826E28A0C0051D007 /* Base */,
			);
			name = LaunchScreen.storyboard;
			sourceTree = "<group>";
		};
/* End PBXVariantGroup section */

/* Begin XCBuildConfiguration section */
		2F251EBB26E28A0C0051D007 /* Debug */ = {
			isa = XCBuildConfiguration;
			buildSettings = {
				ALWAYS_SEARCH_USER_PATHS = NO;
				CLANG_ANALYZER_NONNULL = YES;
				CLANG_ANALYZER_NUMBER_OBJECT_CONVERSION = YES_AGGRESSIVE;
				CLANG_CXX_LANGUAGE_STANDARD = "gnu++14";
				CLANG_CXX_LIBRARY = "libc++";
				CLANG_ENABLE_MODULES = YES;
				CLANG_ENABLE_OBJC_ARC = YES;
				CLANG_ENABLE_OBJC_WEAK = YES;
				CLANG_WARN_BLOCK_CAPTURE_AUTORELEASING = YES;
				CLANG_WARN_BOOL_CONVERSION = YES;
				CLANG_WARN_COMMA = YES;
				CLANG_WARN_CONSTANT_CONVERSION = YES;
				CLANG_WARN_DEPRECATED_OBJC_IMPLEMENTATIONS = YES;
				CLANG_WARN_DIRECT_OBJC_ISA_USAGE = YES_ERROR;
				CLANG_WARN_DOCUMENTATION_COMMENTS = YES;
				CLANG_WARN_EMPTY_BODY = YES;
				CLANG_WARN_ENUM_CONVERSION = YES;
				CLANG_WARN_INFINITE_RECURSION = YES;
				CLANG_WARN_INT_CONVERSION = YES;
				CLANG_WARN_NON_LITERAL_NULL_CONVERSION = YES;
				CLANG_WARN_OBJC_IMPLICIT_RETAIN_SELF = YES;
				CLANG_WARN_OBJC_LITERAL_CONVERSION = YES;
				CLANG_WARN_OBJC_ROOT_CLASS = YES_ERROR;
				CLANG_WARN_QUOTED_INCLUDE_IN_FRAMEWORK_HEADER = YES;
				CLANG_WARN_RANGE_LOOP_ANALYSIS = YES;
				CLANG_WARN_STRICT_PROTOTYPES = YES;
				CLANG_WARN_SUSPICIOUS_MOVE = YES;
				CLANG_WARN_UNGUARDED_AVAILABILITY = YES_AGGRESSIVE;
				CLANG_WARN_UNREACHABLE_CODE = YES;
				CLANG_WARN__DUPLICATE_METHOD_MATCH = YES;
				COPY_PHASE_STRIP = NO;
				DEBUG_INFORMATION_FORMAT = dwarf;
				ENABLE_STRICT_OBJC_MSGSEND = YES;
				ENABLE_TESTABILITY = YES;
				GCC_C_LANGUAGE_STANDARD = gnu11;
				GCC_DYNAMIC_NO_PIC = NO;
				GCC_NO_COMMON_BLOCKS = YES;
				GCC_OPTIMIZATION_LEVEL = 0;
				GCC_PREPROCESSOR_DEFINITIONS = (
					"DEBUG=1",
					"$(inherited)",
				);
				GCC_WARN_64_TO_32_BIT_CONVERSION = YES;
				GCC_WARN_ABOUT_RETURN_TYPE = YES_ERROR;
				GCC_WARN_UNDECLARED_SELECTOR = YES;
				GCC_WARN_UNINITIALIZED_AUTOS = YES_AGGRESSIVE;
				GCC_WARN_UNUSED_FUNCTION = YES;
				GCC_WARN_UNUSED_VARIABLE = YES;
				IPHONEOS_DEPLOYMENT_TARGET = 14.5;
				MTL_ENABLE_DEBUG_INFO = INCLUDE_SOURCE;
				MTL_FAST_MATH = YES;
				ONLY_ACTIVE_ARCH = YES;
				SDKROOT = iphoneos;
				SWIFT_ACTIVE_COMPILATION_CONDITIONS = DEBUG;
				SWIFT_OPTIMIZATION_LEVEL = "-Onone";
			};
			name = Debug;
		};
		2F251EBC26E28A0C0051D007 /* Release */ = {
			isa = XCBuildConfiguration;
			buildSettings = {
				ALWAYS_SEARCH_USER_PATHS = NO;
				CLANG_ANALYZER_NONNULL = YES;
				CLANG_ANALYZER_NUMBER_OBJECT_CONVERSION = YES_AGGRESSIVE;
				CLANG_CXX_LANGUAGE_STANDARD = "gnu++14";
				CLANG_CXX_LIBRARY = "libc++";
				CLANG_ENABLE_MODULES = YES;
				CLANG_ENABLE_OBJC_ARC = YES;
				CLANG_ENABLE_OBJC_WEAK = YES;
				CLANG_WARN_BLOCK_CAPTURE_AUTORELEASING = YES;
				CLANG_WARN_BOOL_CONVERSION = YES;
				CLANG_WARN_COMMA = YES;
				CLANG_WARN_CONSTANT_CONVERSION = YES;
				CLANG_WARN_DEPRECATED_OBJC_IMPLEMENTATIONS = YES;
				CLANG_WARN_DIRECT_OBJC_ISA_USAGE = YES_ERROR;
				CLANG_WARN_DOCUMENTATION_COMMENTS = YES;
				CLANG_WARN_EMPTY_BODY = YES;
				CLANG_WARN_ENUM_CONVERSION = YES;
				CLANG_WARN_INFINITE_RECURSION = YES;
				CLANG_WARN_INT_CONVERSION = YES;
				CLANG_WARN_NON_LITERAL_NULL_CONVERSION = YES;
				CLANG_WARN_OBJC_IMPLICIT_RETAIN_SELF = YES;
				CLANG_WARN_OBJC_LITERAL_CONVERSION = YES;
				CLANG_WARN_OBJC_ROOT_CLASS = YES_ERROR;
				CLANG_WARN_QUOTED_INCLUDE_IN_FRAMEWORK_HEADER = YES;
				CLANG_WARN_RANGE_LOOP_ANALYSIS = YES;
				CLANG_WARN_STRICT_PROTOTYPES = YES;
				CLANG_WARN_SUSPICIOUS_MOVE = YES;
				CLANG_WARN_UNGUARDED_AVAILABILITY = YES_AGGRESSIVE;
				CLANG_WARN_UNREACHABLE_CODE = YES;
				CLANG_WARN__DUPLICATE_METHOD_MATCH = YES;
				COPY_PHASE_STRIP = NO;
				DEBUG_INFORMATION_FORMAT = "dwarf-with-dsym";
				ENABLE_NS_ASSERTIONS = NO;
				ENABLE_STRICT_OBJC_MSGSEND = YES;
				GCC_C_LANGUAGE_STANDARD = gnu11;
				GCC_NO_COMMON_BLOCKS = YES;
				GCC_WARN_64_TO_32_BIT_CONVERSION = YES;
				GCC_WARN_ABOUT_RETURN_TYPE = YES_ERROR;
				GCC_WARN_UNDECLARED_SELECTOR = YES;
				GCC_WARN_UNINITIALIZED_AUTOS = YES_AGGRESSIVE;
				GCC_WARN_UNUSED_FUNCTION = YES;
				GCC_WARN_UNUSED_VARIABLE = YES;
				IPHONEOS_DEPLOYMENT_TARGET = 14.5;
				MTL_ENABLE_DEBUG_INFO = NO;
				MTL_FAST_MATH = YES;
				SDKROOT = iphoneos;
				SWIFT_COMPILATION_MODE = wholemodule;
				SWIFT_OPTIMIZATION_LEVEL = "-O";
				VALIDATE_PRODUCT = YES;
			};
			name = Release;
		};
		2F251EBE26E28A0C0051D007 /* Debug */ = {
			isa = XCBuildConfiguration;
			buildSettings = {
				ASSETCATALOG_COMPILER_APPICON_NAME = AppIcon;
				ASSETCATALOG_COMPILER_GLOBAL_ACCENT_COLOR_NAME = AccentColor;
				CODE_SIGN_STYLE = Automatic;
				INFOPLIST_FILE = IsolatedStateReactorDemo/Info.plist;
				LD_RUNPATH_SEARCH_PATHS = (
					"$(inherited)",
					"@executable_path/Frameworks",
				);
				PRODUCT_BUNDLE_IDENTIFIER = wotjd.IsolatedStateReactorDemo;
				PRODUCT_NAME = "$(TARGET_NAME)";
				SWIFT_VERSION = 5.0;
				TARGETED_DEVICE_FAMILY = "1,2";
			};
			name = Debug;
		};
		2F251EBF26E28A0C0051D007 /* Release */ = {
			isa = XCBuildConfiguration;
			buildSettings = {
				ASSETCATALOG_COMPILER_APPICON_NAME = AppIcon;
				ASSETCATALOG_COMPILER_GLOBAL_ACCENT_COLOR_NAME = AccentColor;
				CODE_SIGN_STYLE = Automatic;
				INFOPLIST_FILE = IsolatedStateReactorDemo/Info.plist;
				LD_RUNPATH_SEARCH_PATHS = (
					"$(inherited)",
					"@executable_path/Frameworks",
				);
				PRODUCT_BUNDLE_IDENTIFIER = wotjd.IsolatedStateReactorDemo;
				PRODUCT_NAME = "$(TARGET_NAME)";
				SWIFT_VERSION = 5.0;
				TARGETED_DEVICE_FAMILY = "1,2";
			};
			name = Release;
		};
/* End XCBuildConfiguration section */

/* Begin XCConfigurationList section */
		2F251EA426E28A0A0051D007 /* Build configuration list for PBXProject "IsolatedStateReactorDemo" */ = {
			isa = XCConfigurationList;
			buildConfigurations = (
				2F251EBB26E28A0C0051D007 /* Debug */,
				2F251EBC26E28A0C0051D007 /* Release */,
			);
			defaultConfigurationIsVisible = 0;
			defaultConfigurationName = Release;
		};
		2F251EBD26E28A0C0051D007 /* Build configuration list for PBXNativeTarget "IsolatedStateReactorDemo" */ = {
			isa = XCConfigurationList;
			buildConfigurations = (
				2F251EBE26E28A0C0051D007 /* Debug */,
				2F251EBF26E28A0C0051D007 /* Release */,
			);
			defaultConfigurationIsVisible = 0;
			defaultConfigurationName = Release;
		};
/* End XCConfigurationList section */

/* Begin XCRemoteSwiftPackageReference section */
		2F251EC426E28EE80051D007 /* XCRemoteSwiftPackageReference "." */ = {
			isa = XCRemoteSwiftPackageReference;
			repositoryURL = ../../;
			requirement = {
				branch = main;
				kind = branch;
			};
		};
/* End XCRemoteSwiftPackageReference section */

/* Begin XCSwiftPackageProductDependency section */
		2F251EC526E28EE80051D007 /* IsolatedStateReactor */ = {
			isa = XCSwiftPackageProductDependency;
			package = 2F251EC426E28EE80051D007 /* XCRemoteSwiftPackageReference "." */;
			productName = IsolatedStateReactor;
		};
/* End XCSwiftPackageProductDependency section */
	};
	rootObject = 2F251EA126E28A0A0051D007 /* Project object */;
}
