// !$*UTF8*$!
{
	archiveVersion = 1;
	classes = {
	};
	objectVersion = 52;
	objects = {

/* Begin PBXBuildFile section */
		2F58109725FCB95000D116D7 /* AppDelegate.swift in Sources */ = {isa = PBXBuildFile; fileRef = 2F58109625FCB95000D116D7 /* AppDelegate.swift */; };
		2F58109B25FCB95000D116D7 /* ViewController.swift in Sources */ = {isa = PBXBuildFile; fileRef = 2F58109A25FCB95000D116D7 /* ViewController.swift */; };
		2F5810A025FCB95100D116D7 /* Assets.xcassets in Resources */ = {isa = PBXBuildFile; fileRef = 2F58109F25FCB95100D116D7 /* Assets.xcassets */; };
		2F5810A325FCB95100D116D7 /* LaunchScreen.storyboard in Resources */ = {isa = PBXBuildFile; fileRef = 2F5810A125FCB95100D116D7 /* LaunchScreen.storyboard */; };
		2F5810B025FCBF5800D116D7 /* ViewReactor.swift in Sources */ = {isa = PBXBuildFile; fileRef = 2F5810AF25FCBF5800D116D7 /* ViewReactor.swift */; };
		2F5810B825FCC06F00D116D7 /* ReactorKit in Frameworks */ = {isa = PBXBuildFile; productRef = 2F5810B725FCC06F00D116D7 /* ReactorKit */; };
/* End PBXBuildFile section */

/* Begin PBXFileReference section */
		2F58109325FCB95000D116D7 /* IsolatedStateReactor.app */ = {isa = PBXFileReference; explicitFileType = wrapper.application; includeInIndex = 0; path = IsolatedStateReactor.app; sourceTree = BUILT_PRODUCTS_DIR; };
		2F58109625FCB95000D116D7 /* AppDelegate.swift */ = {isa = PBXFileReference; lastKnownFileType = sourcecode.swift; path = AppDelegate.swift; sourceTree = "<group>"; };
		2F58109A25FCB95000D116D7 /* ViewController.swift */ = {isa = PBXFileReference; lastKnownFileType = sourcecode.swift; path = ViewController.swift; sourceTree = "<group>"; };
		2F58109F25FCB95100D116D7 /* Assets.xcassets */ = {isa = PBXFileReference; lastKnownFileType = folder.assetcatalog; path = Assets.xcassets; sourceTree = "<group>"; };
		2F5810A225FCB95100D116D7 /* Base */ = {isa = PBXFileReference; lastKnownFileType = file.storyboard; name = Base; path = Base.lproj/LaunchScreen.storyboard; sourceTree = "<group>"; };
		2F5810A425FCB95100D116D7 /* Info.plist */ = {isa = PBXFileReference; lastKnownFileType = text.plist.xml; path = Info.plist; sourceTree = "<group>"; };
		2F5810AF25FCBF5800D116D7 /* ViewReactor.swift */ = {isa = PBXFileReference; lastKnownFileType = sourcecode.swift; path = ViewReactor.swift; sourceTree = "<group>"; };
/* End PBXFileReference section */

/* Begin PBXFrameworksBuildPhase section */
		2F58109025FCB95000D116D7 /* Frameworks */ = {
			isa = PBXFrameworksBuildPhase;
			buildActionMask = 2147483647;
			files = (
				2F5810B825FCC06F00D116D7 /* ReactorKit in Frameworks */,
			);
			runOnlyForDeploymentPostprocessing = 0;
		};
/* End PBXFrameworksBuildPhase section */

/* Begin PBXGroup section */
		2F58108A25FCB95000D116D7 = {
			isa = PBXGroup;
			children = (
				2F58109525FCB95000D116D7 /* IsolatedStateReactor */,
				2F58109425FCB95000D116D7 /* Products */,
				70C41858C007DFEB0507AEB2 /* Frameworks */,
			);
			sourceTree = "<group>";
		};
		2F58109425FCB95000D116D7 /* Products */ = {
			isa = PBXGroup;
			children = (
				2F58109325FCB95000D116D7 /* IsolatedStateReactor.app */,
			);
			name = Products;
			sourceTree = "<group>";
		};
		2F58109525FCB95000D116D7 /* IsolatedStateReactor */ = {
			isa = PBXGroup;
			children = (
				2F58109625FCB95000D116D7 /* AppDelegate.swift */,
				2F58109A25FCB95000D116D7 /* ViewController.swift */,
				2F5810AF25FCBF5800D116D7 /* ViewReactor.swift */,
				2F58109F25FCB95100D116D7 /* Assets.xcassets */,
				2F5810A125FCB95100D116D7 /* LaunchScreen.storyboard */,
				2F5810A425FCB95100D116D7 /* Info.plist */,
			);
			path = IsolatedStateReactor;
			sourceTree = "<group>";
		};
		70C41858C007DFEB0507AEB2 /* Frameworks */ = {
			isa = PBXGroup;
			children = (
			);
			name = Frameworks;
			sourceTree = "<group>";
		};
/* End PBXGroup section */

/* Begin PBXNativeTarget section */
		2F58109225FCB95000D116D7 /* IsolatedStateReactor */ = {
			isa = PBXNativeTarget;
			buildConfigurationList = 2F5810A725FCB95100D116D7 /* Build configuration list for PBXNativeTarget "IsolatedStateReactor" */;
			buildPhases = (
				2F58108F25FCB95000D116D7 /* Sources */,
				2F58109025FCB95000D116D7 /* Frameworks */,
				2F58109125FCB95000D116D7 /* Resources */,
			);
			buildRules = (
			);
			dependencies = (
			);
			name = IsolatedStateReactor;
			packageProductDependencies = (
				2F5810B725FCC06F00D116D7 /* ReactorKit */,
			);
			productName = IsolatedReactorKit;
			productReference = 2F58109325FCB95000D116D7 /* IsolatedStateReactor.app */;
			productType = "com.apple.product-type.application";
		};
/* End PBXNativeTarget section */

/* Begin PBXProject section */
		2F58108B25FCB95000D116D7 /* Project object */ = {
			isa = PBXProject;
			attributes = {
				LastSwiftUpdateCheck = 1240;
				LastUpgradeCheck = 1240;
				TargetAttributes = {
					2F58109225FCB95000D116D7 = {
						CreatedOnToolsVersion = 12.4;
					};
				};
			};
			buildConfigurationList = 2F58108E25FCB95000D116D7 /* Build configuration list for PBXProject "IsolatedStateReactor" */;
			compatibilityVersion = "Xcode 9.3";
			developmentRegion = en;
			hasScannedForEncodings = 0;
			knownRegions = (
				en,
				Base,
			);
			mainGroup = 2F58108A25FCB95000D116D7;
			packageReferences = (
				2F5810B625FCC06F00D116D7 /* XCRemoteSwiftPackageReference "ReactorKit" */,
			);
			productRefGroup = 2F58109425FCB95000D116D7 /* Products */;
			projectDirPath = "";
			projectRoot = "";
			targets = (
				2F58109225FCB95000D116D7 /* IsolatedStateReactor */,
			);
		};
/* End PBXProject section */

/* Begin PBXResourcesBuildPhase section */
		2F58109125FCB95000D116D7 /* Resources */ = {
			isa = PBXResourcesBuildPhase;
			buildActionMask = 2147483647;
			files = (
				2F5810A325FCB95100D116D7 /* LaunchScreen.storyboard in Resources */,
				2F5810A025FCB95100D116D7 /* Assets.xcassets in Resources */,
			);
			runOnlyForDeploymentPostprocessing = 0;
		};
/* End PBXResourcesBuildPhase section */

/* Begin PBXSourcesBuildPhase section */
		2F58108F25FCB95000D116D7 /* Sources */ = {
			isa = PBXSourcesBuildPhase;
			buildActionMask = 2147483647;
			files = (
				2F58109B25FCB95000D116D7 /* ViewController.swift in Sources */,
				2F5810B025FCBF5800D116D7 /* ViewReactor.swift in Sources */,
				2F58109725FCB95000D116D7 /* AppDelegate.swift in Sources */,
			);
			runOnlyForDeploymentPostprocessing = 0;
		};
/* End PBXSourcesBuildPhase section */

/* Begin PBXVariantGroup section */
		2F5810A125FCB95100D116D7 /* LaunchScreen.storyboard */ = {
			isa = PBXVariantGroup;
			children = (
				2F5810A225FCB95100D116D7 /* Base */,
			);
			name = LaunchScreen.storyboard;
			sourceTree = "<group>";
		};
/* End PBXVariantGroup section */

/* Begin XCBuildConfiguration section */
		2F5810A525FCB95100D116D7 /* Debug */ = {
			isa = XCBuildConfiguration;
			buildSettings = {
				ALWAYS_SEARCH_USER_PATHS = NO;
				CLANG_ANALYZER_NONNULL = YES;
				CLANG_ANALYZER_NUMBER_OBJECT_CONVERSION = YES_AGGRESSIVE;
				CLANG_CXX_LANGUAGE_STANDARD = "gnu++14";
				CLANG_CXX_LIBRARY = "libc++";
				CLANG_ENABLE_MODULES = YES;
				CLANG_ENABLE_OBJC_ARC = YES;
				CLANG_ENABLE_OBJC_WEAK = YES;
				CLANG_WARN_BLOCK_CAPTURE_AUTORELEASING = YES;
				CLANG_WARN_BOOL_CONVERSION = YES;
				CLANG_WARN_COMMA = YES;
				CLANG_WARN_CONSTANT_CONVERSION = YES;
				CLANG_WARN_DEPRECATED_OBJC_IMPLEMENTATIONS = YES;
				CLANG_WARN_DIRECT_OBJC_ISA_USAGE = YES_ERROR;
				CLANG_WARN_DOCUMENTATION_COMMENTS = YES;
				CLANG_WARN_EMPTY_BODY = YES;
				CLANG_WARN_ENUM_CONVERSION = YES;
				CLANG_WARN_INFINITE_RECURSION = YES;
				CLANG_WARN_INT_CONVERSION = YES;
				CLANG_WARN_NON_LITERAL_NULL_CONVERSION = YES;
				CLANG_WARN_OBJC_IMPLICIT_RETAIN_SELF = YES;
				CLANG_WARN_OBJC_LITERAL_CONVERSION = YES;
				CLANG_WARN_OBJC_ROOT_CLASS = YES_ERROR;
				CLANG_WARN_QUOTED_INCLUDE_IN_FRAMEWORK_HEADER = YES;
				CLANG_WARN_RANGE_LOOP_ANALYSIS = YES;
				CLANG_WARN_STRICT_PROTOTYPES = YES;
				CLANG_WARN_SUSPICIOUS_MOVE = YES;
				CLANG_WARN_UNGUARDED_AVAILABILITY = YES_AGGRESSIVE;
				CLANG_WARN_UNREACHABLE_CODE = YES;
				CLANG_WARN__DUPLICATE_METHOD_MATCH = YES;
				COPY_PHASE_STRIP = NO;
				DEBUG_INFORMATION_FORMAT = dwarf;
				ENABLE_STRICT_OBJC_MSGSEND = YES;
				ENABLE_TESTABILITY = YES;
				GCC_C_LANGUAGE_STANDARD = gnu11;
				GCC_DYNAMIC_NO_PIC = NO;
				GCC_NO_COMMON_BLOCKS = YES;
				GCC_OPTIMIZATION_LEVEL = 0;
				GCC_PREPROCESSOR_DEFINITIONS = (
					"DEBUG=1",
					"$(inherited)",
				);
				GCC_WARN_64_TO_32_BIT_CONVERSION = YES;
				GCC_WARN_ABOUT_RETURN_TYPE = YES_ERROR;
				GCC_WARN_UNDECLARED_SELECTOR = YES;
				GCC_WARN_UNINITIALIZED_AUTOS = YES_AGGRESSIVE;
				GCC_WARN_UNUSED_FUNCTION = YES;
				GCC_WARN_UNUSED_VARIABLE = YES;
				IPHONEOS_DEPLOYMENT_TARGET = 14.4;
				MTL_ENABLE_DEBUG_INFO = INCLUDE_SOURCE;
				MTL_FAST_MATH = YES;
				ONLY_ACTIVE_ARCH = YES;
				SDKROOT = iphoneos;
				SWIFT_ACTIVE_COMPILATION_CONDITIONS = DEBUG;
				SWIFT_OPTIMIZATION_LEVEL = "-Onone";
			};
			name = Debug;
		};
		2F5810A625FCB95100D116D7 /* Release */ = {
			isa = XCBuildConfiguration;
			buildSettings = {
				ALWAYS_SEARCH_USER_PATHS = NO;
				CLANG_ANALYZER_NONNULL = YES;
				CLANG_ANALYZER_NUMBER_OBJECT_CONVERSION = YES_AGGRESSIVE;
				CLANG_CXX_LANGUAGE_STANDARD = "gnu++14";
				CLANG_CXX_LIBRARY = "libc++";
				CLANG_ENABLE_MODULES = YES;
				CLANG_ENABLE_OBJC_ARC = YES;
				CLANG_ENABLE_OBJC_WEAK = YES;
				CLANG_WARN_BLOCK_CAPTURE_AUTORELEASING = YES;
				CLANG_WARN_BOOL_CONVERSION = YES;
				CLANG_WARN_COMMA = YES;
				CLANG_WARN_CONSTANT_CONVERSION = YES;
				CLANG_WARN_DEPRECATED_OBJC_IMPLEMENTATIONS = YES;
				CLANG_WARN_DIRECT_OBJC_ISA_USAGE = YES_ERROR;
				CLANG_WARN_DOCUMENTATION_COMMENTS = YES;
				CLANG_WARN_EMPTY_BODY = YES;
				CLANG_WARN_ENUM_CONVERSION = YES;
				CLANG_WARN_INFINITE_RECURSION = YES;
				CLANG_WARN_INT_CONVERSION = YES;
				CLANG_WARN_NON_LITERAL_NULL_CONVERSION = YES;
				CLANG_WARN_OBJC_IMPLICIT_RETAIN_SELF = YES;
				CLANG_WARN_OBJC_LITERAL_CONVERSION = YES;
				CLANG_WARN_OBJC_ROOT_CLASS = YES_ERROR;
				CLANG_WARN_QUOTED_INCLUDE_IN_FRAMEWORK_HEADER = YES;
				CLANG_WARN_RANGE_LOOP_ANALYSIS = YES;
				CLANG_WARN_STRICT_PROTOTYPES = YES;
				CLANG_WARN_SUSPICIOUS_MOVE = YES;
				CLANG_WARN_UNGUARDED_AVAILABILITY = YES_AGGRESSIVE;
				CLANG_WARN_UNREACHABLE_CODE = YES;
				CLANG_WARN__DUPLICATE_METHOD_MATCH = YES;
				COPY_PHASE_STRIP = NO;
				DEBUG_INFORMATION_FORMAT = "dwarf-with-dsym";
				ENABLE_NS_ASSERTIONS = NO;
				ENABLE_STRICT_OBJC_MSGSEND = YES;
				GCC_C_LANGUAGE_STANDARD = gnu11;
				GCC_NO_COMMON_BLOCKS = YES;
				GCC_WARN_64_TO_32_BIT_CONVERSION = YES;
				GCC_WARN_ABOUT_RETURN_TYPE = YES_ERROR;
				GCC_WARN_UNDECLARED_SELECTOR = YES;
				GCC_WARN_UNINITIALIZED_AUTOS = YES_AGGRESSIVE;
				GCC_WARN_UNUSED_FUNCTION = YES;
				GCC_WARN_UNUSED_VARIABLE = YES;
				IPHONEOS_DEPLOYMENT_TARGET = 14.4;
				MTL_ENABLE_DEBUG_INFO = NO;
				MTL_FAST_MATH = YES;
				SDKROOT = iphoneos;
				SWIFT_COMPILATION_MODE = wholemodule;
				SWIFT_OPTIMIZATION_LEVEL = "-O";
				VALIDATE_PRODUCT = YES;
			};
			name = Release;
		};
		2F5810A825FCB95100D116D7 /* Debug */ = {
			isa = XCBuildConfiguration;
			buildSettings = {
				ASSETCATALOG_COMPILER_APPICON_NAME = AppIcon;
				ASSETCATALOG_COMPILER_GLOBAL_ACCENT_COLOR_NAME = AccentColor;
				CODE_SIGN_STYLE = Automatic;
				INFOPLIST_FILE = IsolatedStateReactor/Info.plist;
				LD_RUNPATH_SEARCH_PATHS = (
					"$(inherited)",
					"@executable_path/Frameworks",
				);
				PRODUCT_BUNDLE_IDENTIFIER = wotjd.IsolatedStateReactor;
				PRODUCT_NAME = "$(TARGET_NAME)";
				SWIFT_VERSION = 5.0;
				TARGETED_DEVICE_FAMILY = "1,2";
			};
			name = Debug;
		};
		2F5810A925FCB95100D116D7 /* Release */ = {
			isa = XCBuildConfiguration;
			buildSettings = {
				ASSETCATALOG_COMPILER_APPICON_NAME = AppIcon;
				ASSETCATALOG_COMPILER_GLOBAL_ACCENT_COLOR_NAME = AccentColor;
				CODE_SIGN_STYLE = Automatic;
				INFOPLIST_FILE = IsolatedStateReactor/Info.plist;
				LD_RUNPATH_SEARCH_PATHS = (
					"$(inherited)",
					"@executable_path/Frameworks",
				);
				PRODUCT_BUNDLE_IDENTIFIER = wotjd.IsolatedStateReactor;
				PRODUCT_NAME = "$(TARGET_NAME)";
				SWIFT_VERSION = 5.0;
				TARGETED_DEVICE_FAMILY = "1,2";
			};
			name = Release;
		};
/* End XCBuildConfiguration section */

/* Begin XCConfigurationList section */
		2F58108E25FCB95000D116D7 /* Build configuration list for PBXProject "IsolatedStateReactor" */ = {
			isa = XCConfigurationList;
			buildConfigurations = (
				2F5810A525FCB95100D116D7 /* Debug */,
				2F5810A625FCB95100D116D7 /* Release */,
			);
			defaultConfigurationIsVisible = 0;
			defaultConfigurationName = Release;
		};
		2F5810A725FCB95100D116D7 /* Build configuration list for PBXNativeTarget "IsolatedStateReactor" */ = {
			isa = XCConfigurationList;
			buildConfigurations = (
				2F5810A825FCB95100D116D7 /* Debug */,
				2F5810A925FCB95100D116D7 /* Release */,
			);
			defaultConfigurationIsVisible = 0;
			defaultConfigurationName = Release;
		};
/* End XCConfigurationList section */

/* Begin XCRemoteSwiftPackageReference section */
		2F5810B625FCC06F00D116D7 /* XCRemoteSwiftPackageReference "ReactorKit" */ = {
			isa = XCRemoteSwiftPackageReference;
			repositoryURL = "https://github.com/ReactorKit/ReactorKit";
			requirement = {
				kind = upToNextMajorVersion;
				minimumVersion = 3.0.0;
			};
		};
/* End XCRemoteSwiftPackageReference section */

/* Begin XCSwiftPackageProductDependency section */
		2F5810B725FCC06F00D116D7 /* ReactorKit */ = {
			isa = XCSwiftPackageProductDependency;
			package = 2F5810B625FCC06F00D116D7 /* XCRemoteSwiftPackageReference "ReactorKit" */;
			productName = ReactorKit;
		};
/* End XCSwiftPackageProductDependency section */
	};
	rootObject = 2F58108B25FCB95000D116D7 /* Project object */;
}
